
Microsoft Visual Studio Solution File, Format Version 12.00
# Visual Studio Version 17
VisualStudioVersion = 17.3.32929.385
MinimumVisualStudioVersion = 10.0.40219.1
Project("{9A19103F-16F7-4668-BE54-9A1E7A4F7556}") = "POO", "POO\POO.csproj", "{C6290AD4-14D7-454C-AB9B-007FB62C7677}"
EndProject
Project("{FAE04EC0-301F-11D3-BF4B-00C04F79EFBC}") = "UIWinFormsApp1", "UIWinFormsApp1\UIWinFormsApp1.csproj", "{46DFF6CE-5D81-4773-9FA0-757691F3D5F6}"
EndProject
Global
	GlobalSection(SolutionConfigurationPlatforms) = preSolution
		Debug|Any CPU = Debug|Any CPU
		Release|Any CPU = Release|Any CPU
	EndGlobalSection
	GlobalSection(ProjectConfigurationPlatforms) = postSolution
		{C6290AD4-14D7-454C-AB9B-007FB62C7677}.Debug|Any CPU.ActiveCfg = Debug|Any CPU
		{C6290AD4-14D7-454C-AB9B-007FB62C7677}.Debug|Any CPU.Build.0 = Debug|Any CPU
		{C6290AD4-14D7-454C-AB9B-007FB62C7677}.Release|Any CPU.ActiveCfg = Release|Any CPU
		{C6290AD4-14D7-454C-AB9B-007FB62C7677}.Release|Any CPU.Build.0 = Release|Any CPU
		{46DFF6CE-5D81-4773-9FA0-757691F3D5F6}.Debug|Any CPU.ActiveCfg = Debug|Any CPU
		{46DFF6CE-5D81-4773-9FA0-757691F3D5F6}.Debug|Any CPU.Build.0 = Debug|Any CPU
		{46DFF6CE-5D81-4773-9FA0-757691F3D5F6}.Release|Any CPU.ActiveCfg = Release|Any CPU
		{46DFF6CE-5D81-4773-9FA0-757691F3D5F6}.Release|Any CPU.Build.0 = Release|Any CPU
	EndGlobalSection
	GlobalSection(SolutionProperties) = preSolution
		HideSolutionNode = FALSE
	EndGlobalSection
	GlobalSection(ExtensibilityGlobals) = postSolution
		SolutionGuid = {795F3062-F866-4F33-B9F4-297C3402463A}
	EndGlobalSection
EndGlobal
